// !$*UTF8*$!
{
	archiveVersion = 1;
	classes = {
	};
	objectVersion = 77;
	objects = {

/* Begin PBXBuildFile section */
		A90DDA8D2FA8C0E7001E6B73 /* FirebaseAuth in Frameworks */ = {isa = PBXBuildFile; productRef = A90DDA8C2FA8C0E7001E6B73 /* FirebaseAuth */; };
		A90DDA8F2FA8C0E7001E6B73 /* FirebaseFirestore in Frameworks */ = {isa = PBXBuildFile; productRef = A90DDA8E2FA8C0E7001E6B73 /* FirebaseFirestore */; };
		A945BCE32F94E82B0093B1CB /* .gitignore in Resources */ = {isa = PBXBuildFile; fileRef = A945BCE22F94E82B0093B1CB /* .gitignore */; };
		A945BCE92F94EAA80093B1CB /* README.md in Resources */ = {isa = PBXBuildFile; fileRef = A945BCE82F94EAA80093B1CB /* README.md */; };
/* End PBXBuildFile section */

/* Begin PBXContainerItemProxy section */
		A945BC7A2F94E4D00093B1CB /* PBXContainerItemProxy */ = {
			isa = PBXContainerItemProxy;
			containerPortal = A945BC622F94E4CE0093B1CB /* Project object */;
			proxyType = 1;
			remoteGlobalIDString = A945BC692F94E4CE0093B1CB;
			remoteInfo = Shelfie;
		};
		A945BC842F94E4D00093B1CB /* PBXContainerItemProxy */ = {
			isa = PBXContainerItemProxy;
			containerPortal = A945BC622F94E4CE0093B1CB /* Project object */;
			proxyType = 1;
			remoteGlobalIDString = A945BC692F94E4CE0093B1CB;
			remoteInfo = Shelfie;
		};
/* End PBXContainerItemProxy section */

/* Begin PBXFileReference section */
		A945BC6A2F94E4CE0093B1CB /* Shelfie.app */ = {isa = PBXFileReference; explicitFileType = wrapper.application; includeInIndex = 0; path = Shelfie.app; sourceTree = BUILT_PRODUCTS_DIR; };
		A945BC792F94E4D00093B1CB /* ShelfieTests.xctest */ = {isa = PBXFileReference; explicitFileType = wrapper.cfbundle; includeInIndex = 0; path = ShelfieTests.xctest; sourceTree = BUILT_PRODUCTS_DIR; };
		A945BC832F94E4D00093B1CB /* ShelfieUITests.xctest */ = {isa = PBXFileReference; explicitFileType = wrapper.cfbundle; includeInIndex = 0; path = ShelfieUITests.xctest; sourceTree = BUILT_PRODUCTS_DIR; };
		A945BCE22F94E82B0093B1CB /* .gitignore */ = {isa = PBXFileReference; lastKnownFileType = text; path = .gitignore; sourceTree = "<group>"; };
		A945BCE82F94EAA80093B1CB /* README.md */ = {isa = PBXFileReference; lastKnownFileType = net.daringfireball.markdown; path = README.md; sourceTree = "<group>"; };
/* End PBXFileReference section */

/* Begin PBXFileSystemSynchronizedRootGroup section */
		A945BC6C2F94E4CE0093B1CB /* Shelfie */ = {
			isa = PBXFileSystemSynchronizedRootGroup;
			path = Shelfie;
			sourceTree = "<group>";
		};
		A945BC7C2F94E4D00093B1CB /* ShelfieTests */ = {
			isa = PBXFileSystemSynchronizedRootGroup;
			path = ShelfieTests;
			sourceTree = "<group>";
		};
		A945BC862F94E4D00093B1CB /* ShelfieUITests */ = {
			isa = PBXFileSystemSynchronizedRootGroup;
			path = ShelfieUITests;
			sourceTree = "<group>";
		};
/* End PBXFileSystemSynchronizedRootGroup section */

/* Begin PBXFrameworksBuildPhase section */
		A945BC672F94E4CE0093B1CB /* Frameworks */ = {
			isa = PBXFrameworksBuildPhase;
			buildActionMask = 2147483647;
			files = (
				A90DDA8D2FA8C0E7001E6B73 /* FirebaseAuth in Frameworks */,
				A90DDA8F2FA8C0E7001E6B73 /* FirebaseFirestore in Frameworks */,
			);
			runOnlyForDeploymentPostprocessing = 0;
		};
		A945BC762F94E4D00093B1CB /* Frameworks */ = {
			isa = PBXFrameworksBuildPhase;
			buildActionMask = 2147483647;
			files = (
			);
			runOnlyForDeploymentPostprocessing = 0;
		};
		A945BC802F94E4D00093B1CB /* Frameworks */ = {
			isa = PBXFrameworksBuildPhase;
			buildActionMask = 2147483647;
			files = (
			);
			runOnlyForDeploymentPostprocessing = 0;
		};
/* End PBXFrameworksBuildPhase section */

/* Begin PBXGroup section */
		A945BC612F94E4CE0093B1CB = {
			isa = PBXGroup;
			children = (
				A945BCE82F94EAA80093B1CB /* README.md */,
				A945BCE22F94E82B0093B1CB /* .gitignore */,
				A945BC6C2F94E4CE0093B1CB /* Shelfie */,
				A945BC7C2F94E4D00093B1CB /* ShelfieTests */,
				A945BC862F94E4D00093B1CB /* ShelfieUITests */,
				A945BC6B2F94E4CE0093B1CB /* Products */,
			);
			sourceTree = "<group>";
		};
		A945BC6B2F94E4CE0093B1CB /* Products */ = {
			isa = PBXGroup;
			children = (
				A945BC6A2F94E4CE0093B1CB /* Shelfie.app */,
				A945BC792F94E4D00093B1CB /* ShelfieTests.xctest */,
				A945BC832F94E4D00093B1CB /* ShelfieUITests.xctest */,
			);
			name = Products;
			sourceTree = "<group>";
		};
/* End PBXGroup section */

/* Begin PBXNativeTarget section */
		A945BC692F94E4CE0093B1CB /* Shelfie */ = {
			isa = PBXNativeTarget;
			buildConfigurationList = A945BC8D2F94E4D00093B1CB /* Build configuration list for PBXNativeTarget "Shelfie" */;
			buildPhases = (
				A945BC662F94E4CE0093B1CB /* Sources */,
				A945BC672F94E4CE0093B1CB /* Frameworks */,
				A945BC682F94E4CE0093B1CB /* Resources */,
			);
			buildRules = (
			);
			dependencies = (
			);
			fileSystemSynchronizedGroups = (
				A945BC6C2F94E4CE0093B1CB /* Shelfie */,
			);
			name = Shelfie;
			packageProductDependencies = (
				A90DDA8C2FA8C0E7001E6B73 /* FirebaseAuth */,
				A90DDA8E2FA8C0E7001E6B73 /* FirebaseFirestore */,
			);
			productName = Shelfie;
			productReference = A945BC6A2F94E4CE0093B1CB /* Shelfie.app */;
			productType = "com.apple.product-type.application";
		};
		A945BC782F94E4D00093B1CB /* ShelfieTests */ = {
			isa = PBXNativeTarget;
			buildConfigurationList = A945BC902F94E4D00093B1CB /* Build configuration list for PBXNativeTarget "ShelfieTests" */;
			buildPhases = (
				A945BC752F94E4D00093B1CB /* Sources */,
				A945BC762F94E4D00093B1CB /* Frameworks */,
				A945BC772F94E4D00093B1CB /* Resources */,
			);
			buildRules = (
			);
			dependencies = (
				A945BC7B2F94E4D00093B1CB /* PBXTargetDependency */,
			);
			fileSystemSynchronizedGroups = (
				A945BC7C2F94E4D00093B1CB /* ShelfieTests */,
			);
			name = ShelfieTests;
			packageProductDependencies = (
			);
			productName = ShelfieTests;
			productReference = A945BC792F94E4D00093B1CB /* ShelfieTests.xctest */;
			productType = "com.apple.product-type.bundle.unit-test";
		};
		A945BC822F94E4D00093B1CB /* ShelfieUITests */ = {
			isa = PBXNativeTarget;
			buildConfigurationList = A945BC932F94E4D00093B1CB /* Build configuration list for PBXNativeTarget "ShelfieUITests" */;
			buildPhases = (
				A945BC7F2F94E4D00093B1CB /* Sources */,
				A945BC802F94E4D00093B1CB /* Frameworks */,
				A945BC812F94E4D00093B1CB /* Resources */,
			);
			buildRules = (
			);
			dependencies = (
				A945BC852F94E4D00093B1CB /* PBXTargetDependency */,
			);
			fileSystemSynchronizedGroups = (
				A945BC862F94E4D00093B1CB /* ShelfieUITests */,
			);
			name = ShelfieUITests;
			packageProductDependencies = (
			);
			productName = ShelfieUITests;
			productReference = A945BC832F94E4D00093B1CB /* ShelfieUITests.xctest */;
			productType = "com.apple.product-type.bundle.ui-testing";
		};
/* End PBXNativeTarget section */

/* Begin PBXProject section */
		A945BC622F94E4CE0093B1CB /* Project object */ = {
			isa = PBXProject;
			attributes = {
				BuildIndependentTargetsInParallel = 1;
				LastSwiftUpdateCheck = 2640;
				LastUpgradeCheck = 2640;
				TargetAttributes = {
					A945BC692F94E4CE0093B1CB = {
						CreatedOnToolsVersion = 26.4;
					};
					A945BC782F94E4D00093B1CB = {
						CreatedOnToolsVersion = 26.4;
						TestTargetID = A945BC692F94E4CE0093B1CB;
					};
					A945BC822F94E4D00093B1CB = {
						CreatedOnToolsVersion = 26.4;
						TestTargetID = A945BC692F94E4CE0093B1CB;
					};
				};
			};
			buildConfigurationList = A945BC652F94E4CE0093B1CB /* Build configuration list for PBXProject "Shelfie" */;
			developmentRegion = en;
			hasScannedForEncodings = 0;
			knownRegions = (
				en,
				Base,
			);
			mainGroup = A945BC612F94E4CE0093B1CB;
			minimizedProjectReferenceProxies = 1;
			packageReferences = (
				A90DDA8B2FA8C0E7001E6B73 /* XCRemoteSwiftPackageReference "firebase-ios-sdk" */,
			);
			preferredProjectObjectVersion = 77;
			productRefGroup = A945BC6B2F94E4CE0093B1CB /* Products */;
			projectDirPath = "";
			projectRoot = "";
			targets = (
				A945BC692F94E4CE0093B1CB /* Shelfie */,
				A945BC782F94E4D00093B1CB /* ShelfieTests */,
				A945BC822F94E4D00093B1CB /* ShelfieUITests */,
			);
		};
/* End PBXProject section */

/* Begin PBXResourcesBuildPhase section */
		A945BC682F94E4CE0093B1CB /* Resources */ = {
			isa = PBXResourcesBuildPhase;
			buildActionMask = 2147483647;
			files = (
				A945BCE32F94E82B0093B1CB /* .gitignore in Resources */,
				A945BCE92F94EAA80093B1CB /* README.md in Resources */,
			);
			runOnlyForDeploymentPostprocessing = 0;
		};
		A945BC772F94E4D00093B1CB /* Resources */ = {
			isa = PBXResourcesBuildPhase;
			buildActionMask = 2147483647;
			files = (
			);
			runOnlyForDeploymentPostprocessing = 0;
		};
		A945BC812F94E4D00093B1CB /* Resources */ = {
			isa = PBXResourcesBuildPhase;
			buildActionMask = 2147483647;
			files = (
			);
			runOnlyForDeploymentPostprocessing = 0;
		};
/* End PBXResourcesBuildPhase section */

/* Begin PBXSourcesBuildPhase section */
		A945BC662F94E4CE0093B1CB /* Sources */ = {
			isa = PBXSourcesBuildPhase;
			buildActionMask = 2147483647;
			files = (
			);
			runOnlyForDeploymentPostprocessing = 0;
		};
		A945BC752F94E4D00093B1CB /* Sources */ = {
			isa = PBXSourcesBuildPhase;
			buildActionMask = 2147483647;
			files = (
			);
			runOnlyForDeploymentPostprocessing = 0;
		};
		A945BC7F2F94E4D00093B1CB /* Sources */ = {
			isa = PBXSourcesBuildPhase;
			buildActionMask = 2147483647;
			files = (
			);
			runOnlyForDeploymentPostprocessing = 0;
		};
/* End PBXSourcesBuildPhase section */

/* Begin PBXTargetDependency section */
		A945BC7B2F94E4D00093B1CB /* PBXTargetDependency */ = {
			isa = PBXTargetDependency;
			target = A945BC692F94E4CE0093B1CB /* Shelfie */;
			targetProxy = A945BC7A2F94E4D00093B1CB /* PBXContainerItemProxy */;
		};
		A945BC852F94E4D00093B1CB /* PBXTargetDependency */ = {
			isa = PBXTargetDependency;
			target = A945BC692F94E4CE0093B1CB /* Shelfie */;
			targetProxy = A945BC842F94E4D00093B1CB /* PBXContainerItemProxy */;
		};
/* End PBXTargetDependency section */

/* Begin XCBuildConfiguration section */
		A945BC8B2F94E4D00093B1CB /* Debug */ = {
			isa = XCBuildConfiguration;
			buildSettings = {
				ALWAYS_SEARCH_USER_PATHS = NO;
				ASSETCATALOG_COMPILER_GENERATE_SWIFT_ASSET_SYMBOL_EXTENSIONS = YES;
				CLANG_ANALYZER_NONNULL = YES;
				CLANG_ANALYZER_NUMBER_OBJECT_CONVERSION = YES_AGGRESSIVE;
				CLANG_CXX_LANGUAGE_STANDARD = "gnu++20";
				CLANG_ENABLE_MODULES = YES;
				CLANG_ENABLE_OBJC_ARC = YES;
				CLANG_ENABLE_OBJC_WEAK = YES;
				CLANG_WARN_BLOCK_CAPTURE_AUTORELEASING = YES;
				CLANG_WARN_BOOL_CONVERSION = YES;
				CLANG_WARN_COMMA = YES;
				CLANG_WARN_CONSTANT_CONVERSION = YES;
				CLANG_WARN_DEPRECATED_OBJC_IMPLEMENTATIONS = YES;
				CLANG_WARN_DIRECT_OBJC_ISA_USAGE = YES_ERROR;
				CLANG_WARN_DOCUMENTATION_COMMENTS = YES;
				CLANG_WARN_EMPTY_BODY = YES;
				CLANG_WARN_ENUM_CONVERSION = YES;
				CLANG_WARN_INFINITE_RECURSION = YES;
				CLANG_WARN_INT_CONVERSION = YES;
				CLANG_WARN_NON_LITERAL_NULL_CONVERSION = YES;
				CLANG_WARN_OBJC_IMPLICIT_RETAIN_SELF = YES;
				CLANG_WARN_OBJC_LITERAL_CONVERSION = YES;
				CLANG_WARN_OBJC_ROOT_CLASS = YES_ERROR;
				CLANG_WARN_QUOTED_INCLUDE_IN_FRAMEWORK_HEADER = YES;
				CLANG_WARN_RANGE_LOOP_ANALYSIS = YES;
				CLANG_WARN_STRICT_PROTOTYPES = YES;
				CLANG_WARN_SUSPICIOUS_MOVE = YES;
				CLANG_WARN_UNGUARDED_AVAILABILITY = YES_AGGRESSIVE;
				CLANG_WARN_UNREACHABLE_CODE = YES;
				CLANG_WARN__DUPLICATE_METHOD_MATCH = YES;
				COPY_PHASE_STRIP = NO;
				DEBUG_INFORMATION_FORMAT = dwarf;
				DEVELOPMENT_TEAM = 3G34T24X5S;
				ENABLE_STRICT_OBJC_MSGSEND = YES;
				ENABLE_TESTABILITY = YES;
				ENABLE_USER_SCRIPT_SANDBOXING = YES;
				GCC_C_LANGUAGE_STANDARD = gnu17;
				GCC_DYNAMIC_NO_PIC = NO;
				GCC_NO_COMMON_BLOCKS = YES;
				GCC_OPTIMIZATION_LEVEL = 0;
				GCC_PREPROCESSOR_DEFINITIONS = (
					"DEBUG=1",
					"$(inherited)",
				);
				GCC_WARN_64_TO_32_BIT_CONVERSION = YES;
				GCC_WARN_ABOUT_RETURN_TYPE = YES_ERROR;
				GCC_WARN_UNDECLARED_SELECTOR = YES;
				GCC_WARN_UNINITIALIZED_AUTOS = YES_AGGRESSIVE;
				GCC_WARN_UNUSED_FUNCTION = YES;
				GCC_WARN_UNUSED_VARIABLE = YES;
				IPHONEOS_DEPLOYMENT_TARGET = 26.4;
				LOCALIZATION_PREFERS_STRING_CATALOGS = YES;
				MTL_ENABLE_DEBUG_INFO = INCLUDE_SOURCE;
				MTL_FAST_MATH = YES;
				ONLY_ACTIVE_ARCH = YES;
				SDKROOT = iphoneos;
				SWIFT_ACTIVE_COMPILATION_CONDITIONS = "DEBUG $(inherited)";
				SWIFT_OPTIMIZATION_LEVEL = "-Onone";
			};
			name = Debug;
		};
		A945BC8C2F94E4D00093B1CB /* Release */ = {
			isa = XCBuildConfiguration;
			buildSettings = {
				ALWAYS_SEARCH_USER_PATHS = NO;
				ASSETCATALOG_COMPILER_GENERATE_SWIFT_ASSET_SYMBOL_EXTENSIONS = YES;
				CLANG_ANALYZER_NONNULL = YES;
				CLANG_ANALYZER_NUMBER_OBJECT_CONVERSION = YES_AGGRESSIVE;
				CLANG_CXX_LANGUAGE_STANDARD = "gnu++20";
				CLANG_ENABLE_MODULES = YES;
				CLANG_ENABLE_OBJC_ARC = YES;
				CLANG_ENABLE_OBJC_WEAK = YES;
				CLANG_WARN_BLOCK_CAPTURE_AUTORELEASING = YES;
				CLANG_WARN_BOOL_CONVERSION = YES;
				CLANG_WARN_COMMA = YES;
				CLANG_WARN_CONSTANT_CONVERSION = YES;
				CLANG_WARN_DEPRECATED_OBJC_IMPLEMENTATIONS = YES;
				CLANG_WARN_DIRECT_OBJC_ISA_USAGE = YES_ERROR;
				CLANG_WARN_DOCUMENTATION_COMMENTS = YES;
				CLANG_WARN_EMPTY_BODY = YES;
				CLANG_WARN_ENUM_CONVERSION = YES;
				CLANG_WARN_INFINITE_RECURSION = YES;
				CLANG_WARN_INT_CONVERSION = YES;
				CLANG_WARN_NON_LITERAL_NULL_CONVERSION = YES;
				CLANG_WARN_OBJC_IMPLICIT_RETAIN_SELF = YES;
				CLANG_WARN_OBJC_LITERAL_CONVERSION = YES;
				CLANG_WARN_OBJC_ROOT_CLASS = YES_ERROR;
				CLANG_WARN_QUOTED_INCLUDE_IN_FRAMEWORK_HEADER = YES;
				CLANG_WARN_RANGE_LOOP_ANALYSIS = YES;
				CLANG_WARN_STRICT_PROTOTYPES = YES;
				CLANG_WARN_SUSPICIOUS_MOVE = YES;
				CLANG_WARN_UNGUARDED_AVAILABILITY = YES_AGGRESSIVE;
				CLANG_WARN_UNREACHABLE_CODE = YES;
				CLANG_WARN__DUPLICATE_METHOD_MATCH = YES;
				COPY_PHASE_STRIP = NO;
				DEBUG_INFORMATION_FORMAT = "dwarf-with-dsym";
				DEVELOPMENT_TEAM = 3G34T24X5S;
				ENABLE_NS_ASSERTIONS = NO;
				ENABLE_STRICT_OBJC_MSGSEND = YES;
				ENABLE_USER_SCRIPT_SANDBOXING = YES;
				GCC_C_LANGUAGE_STANDARD = gnu17;
				GCC_NO_COMMON_BLOCKS = YES;
				GCC_WARN_64_TO_32_BIT_CONVERSION = YES;
				GCC_WARN_ABOUT_RETURN_TYPE = YES_ERROR;
				GCC_WARN_UNDECLARED_SELECTOR = YES;
				GCC_WARN_UNINITIALIZED_AUTOS = YES_AGGRESSIVE;
				GCC_WARN_UNUSED_FUNCTION = YES;
				GCC_WARN_UNUSED_VARIABLE = YES;
				IPHONEOS_DEPLOYMENT_TARGET = 26.4;
				LOCALIZATION_PREFERS_STRING_CATALOGS = YES;
				MTL_ENABLE_DEBUG_INFO = NO;
				MTL_FAST_MATH = YES;
				SDKROOT = iphoneos;
				SWIFT_COMPILATION_MODE = wholemodule;
				VALIDATE_PRODUCT = YES;
			};
			name = Release;
		};
		A945BC8E2F94E4D00093B1CB /* Debug */ = {
			isa = XCBuildConfiguration;
			buildSettings = {
				ASSETCATALOG_COMPILER_APPICON_NAME = AppIcon;
				ASSETCATALOG_COMPILER_GLOBAL_ACCENT_COLOR_NAME = AccentColor;
				CODE_SIGN_STYLE = Automatic;
				CURRENT_PROJECT_VERSION = 1;
				DEVELOPMENT_TEAM = 3G34T24X5S;
				ENABLE_PREVIEWS = YES;
				GENERATE_INFOPLIST_FILE = YES;
				INFOPLIST_KEY_UIApplicationSceneManifest_Generation = YES;
				INFOPLIST_KEY_UIApplicationSupportsIndirectInputEvents = YES;
				INFOPLIST_KEY_UILaunchScreen_Generation = YES;
				INFOPLIST_KEY_UISupportedInterfaceOrientations_iPad = "UIInterfaceOrientationPortrait UIInterfaceOrientationPortraitUpsideDown UIInterfaceOrientationLandscapeLeft UIInterfaceOrientationLandscapeRight";
				INFOPLIST_KEY_UISupportedInterfaceOrientations_iPhone = "UIInterfaceOrientationPortrait UIInterfaceOrientationLandscapeLeft UIInterfaceOrientationLandscapeRight";
				LD_RUNPATH_SEARCH_PATHS = (
					"$(inherited)",
					"@executable_path/Frameworks",
				);
				MARKETING_VERSION = 1.0;
				PRODUCT_BUNDLE_IDENTIFIER = com.damjan.Shelfie;
				PRODUCT_NAME = "$(TARGET_NAME)";
				STRING_CATALOG_GENERATE_SYMBOLS = YES;
				SWIFT_APPROACHABLE_CONCURRENCY = YES;
				SWIFT_DEFAULT_ACTOR_ISOLATION = MainActor;
				SWIFT_EMIT_LOC_STRINGS = YES;
				SWIFT_UPCOMING_FEATURE_MEMBER_IMPORT_VISIBILITY = YES;
				SWIFT_VERSION = 5.0;
				TARGETED_DEVICE_FAMILY = "1,2";
			};
			name = Debug;
		};
		A945BC8F2F94E4D00093B1CB /* Release */ = {
			isa = XCBuildConfiguration;
			buildSettings = {
				ASSETCATALOG_COMPILER_APPICON_NAME = AppIcon;
				ASSETCATALOG_COMPILER_GLOBAL_ACCENT_COLOR_NAME = AccentColor;
				CODE_SIGN_STYLE = Automatic;
				CURRENT_PROJECT_VERSION = 1;
				DEVELOPMENT_TEAM = 3G34T24X5S;
				ENABLE_PREVIEWS = YES;
				GENERATE_INFOPLIST_FILE = YES;
				INFOPLIST_KEY_UIApplicationSceneManifest_Generation = YES;
				INFOPLIST_KEY_UIApplicationSupportsIndirectInputEvents = YES;
				INFOPLIST_KEY_UILaunchScreen_Generation = YES;
				INFOPLIST_KEY_UISupportedInterfaceOrientations_iPad = "UIInterfaceOrientationPortrait UIInterfaceOrientationPortraitUpsideDown UIInterfaceOrientationLandscapeLeft UIInterfaceOrientationLandscapeRight";
				INFOPLIST_KEY_UISupportedInterfaceOrientations_iPhone = "UIInterfaceOrientationPortrait UIInterfaceOrientationLandscapeLeft UIInterfaceOrientationLandscapeRight";
				LD_RUNPATH_SEARCH_PATHS = (
					"$(inherited)",
					"@executable_path/Frameworks",
				);
				MARKETING_VERSION = 1.0;
				PRODUCT_BUNDLE_IDENTIFIER = com.damjan.Shelfie;
				PRODUCT_NAME = "$(TARGET_NAME)";
				STRING_CATALOG_GENERATE_SYMBOLS = YES;
				SWIFT_APPROACHABLE_CONCURRENCY = YES;
				SWIFT_DEFAULT_ACTOR_ISOLATION = MainActor;
				SWIFT_EMIT_LOC_STRINGS = YES;
				SWIFT_UPCOMING_FEATURE_MEMBER_IMPORT_VISIBILITY = YES;
				SWIFT_VERSION = 5.0;
				TARGETED_DEVICE_FAMILY = "1,2";
			};
			name = Release;
		};
		A945BC912F94E4D00093B1CB /* Debug */ = {
			isa = XCBuildConfiguration;
			buildSettings = {
				BUNDLE_LOADER = "$(TEST_HOST)";
				CODE_SIGN_STYLE = Automatic;
				CURRENT_PROJECT_VERSION = 1;
				DEVELOPMENT_TEAM = 3G34T24X5S;
				GENERATE_INFOPLIST_FILE = YES;
				IPHONEOS_DEPLOYMENT_TARGET = 26.4;
				MARKETING_VERSION = 1.0;
				PRODUCT_BUNDLE_IDENTIFIER = com.damjan.ShelfieTests;
				PRODUCT_NAME = "$(TARGET_NAME)";
				STRING_CATALOG_GENERATE_SYMBOLS = NO;
				SWIFT_APPROACHABLE_CONCURRENCY = YES;
				SWIFT_EMIT_LOC_STRINGS = NO;
				SWIFT_UPCOMING_FEATURE_MEMBER_IMPORT_VISIBILITY = YES;
				SWIFT_VERSION = 5.0;
				TARGETED_DEVICE_FAMILY = "1,2";
				TEST_HOST = "$(BUILT_PRODUCTS_DIR)/Shelfie.app/$(BUNDLE_EXECUTABLE_FOLDER_PATH)/Shelfie";
			};
			name = Debug;
		};
		A945BC922F94E4D00093B1CB /* Release */ = {
			isa = XCBuildConfiguration;
			buildSettings = {
				BUNDLE_LOADER = "$(TEST_HOST)";
				CODE_SIGN_STYLE = Automatic;
				CURRENT_PROJECT_VERSION = 1;
				DEVELOPMENT_TEAM = 3G34T24X5S;
				GENERATE_INFOPLIST_FILE = YES;
				IPHONEOS_DEPLOYMENT_TARGET = 26.4;
				MARKETING_VERSION = 1.0;
				PRODUCT_BUNDLE_IDENTIFIER = com.damjan.ShelfieTests;
				PRODUCT_NAME = "$(TARGET_NAME)";
				STRING_CATALOG_GENERATE_SYMBOLS = NO;
				SWIFT_APPROACHABLE_CONCURRENCY = YES;
				SWIFT_EMIT_LOC_STRINGS = NO;
				SWIFT_UPCOMING_FEATURE_MEMBER_IMPORT_VISIBILITY = YES;
				SWIFT_VERSION = 5.0;
				TARGETED_DEVICE_FAMILY = "1,2";
				TEST_HOST = "$(BUILT_PRODUCTS_DIR)/Shelfie.app/$(BUNDLE_EXECUTABLE_FOLDER_PATH)/Shelfie";
			};
			name = Release;
		};
		A945BC942F94E4D00093B1CB /* Debug */ = {
			isa = XCBuildConfiguration;
			buildSettings = {
				CODE_SIGN_STYLE = Automatic;
				CURRENT_PROJECT_VERSION = 1;
				DEVELOPMENT_TEAM = 3G34T24X5S;
				GENERATE_INFOPLIST_FILE = YES;
				MARKETING_VERSION = 1.0;
				PRODUCT_BUNDLE_IDENTIFIER = com.damjan.ShelfieUITests;
				PRODUCT_NAME = "$(TARGET_NAME)";
				STRING_CATALOG_GENERATE_SYMBOLS = NO;
				SWIFT_APPROACHABLE_CONCURRENCY = YES;
				SWIFT_EMIT_LOC_STRINGS = NO;
				SWIFT_UPCOMING_FEATURE_MEMBER_IMPORT_VISIBILITY = YES;
				SWIFT_VERSION = 5.0;
				TARGETED_DEVICE_FAMILY = "1,2";
				TEST_TARGET_NAME = Shelfie;
			};
			name = Debug;
		};
		A945BC952F94E4D00093B1CB /* Release */ = {
			isa = XCBuildConfiguration;
			buildSettings = {
				CODE_SIGN_STYLE = Automatic;
				CURRENT_PROJECT_VERSION = 1;
				DEVELOPMENT_TEAM = 3G34T24X5S;
				GENERATE_INFOPLIST_FILE = YES;
				MARKETING_VERSION = 1.0;
				PRODUCT_BUNDLE_IDENTIFIER = com.damjan.ShelfieUITests;
				PRODUCT_NAME = "$(TARGET_NAME)";
				STRING_CATALOG_GENERATE_SYMBOLS = NO;
				SWIFT_APPROACHABLE_CONCURRENCY = YES;
				SWIFT_EMIT_LOC_STRINGS = NO;
				SWIFT_UPCOMING_FEATURE_MEMBER_IMPORT_VISIBILITY = YES;
				SWIFT_VERSION = 5.0;
				TARGETED_DEVICE_FAMILY = "1,2";
				TEST_TARGET_NAME = Shelfie;
			};
			name = Release;
		};
/* End XCBuildConfiguration section */

/* Begin XCConfigurationList section */
		A945BC652F94E4CE0093B1CB /* Build configuration list for PBXProject "Shelfie" */ = {
			isa = XCConfigurationList;
			buildConfigurations = (
				A945BC8B2F94E4D00093B1CB /* Debug */,
				A945BC8C2F94E4D00093B1CB /* Release */,
			);
			defaultConfigurationIsVisible = 0;
			defaultConfigurationName = Release;
		};
		A945BC8D2F94E4D00093B1CB /* Build configuration list for PBXNativeTarget "Shelfie" */ = {
			isa = XCConfigurationList;
			buildConfigurations = (
				A945BC8E2F94E4D00093B1CB /* Debug */,
				A945BC8F2F94E4D00093B1CB /* Release */,
			);
			defaultConfigurationIsVisible = 0;
			defaultConfigurationName = Release;
		};
		A945BC902F94E4D00093B1CB /* Build configuration list for PBXNativeTarget "ShelfieTests" */ = {
			isa = XCConfigurationList;
			buildConfigurations = (
				A945BC912F94E4D00093B1CB /* Debug */,
				A945BC922F94E4D00093B1CB /* Release */,
			);
			defaultConfigurationIsVisible = 0;
			defaultConfigurationName = Release;
		};
		A945BC932F94E4D00093B1CB /* Build configuration list for PBXNativeTarget "ShelfieUITests" */ = {
			isa = XCConfigurationList;
			buildConfigurations = (
				A945BC942F94E4D00093B1CB /* Debug */,
				A945BC952F94E4D00093B1CB /* Release */,
			);
			defaultConfigurationIsVisible = 0;
			defaultConfigurationName = Release;
		};
/* End XCConfigurationList section */

/* Begin XCRemoteSwiftPackageReference section */
		A90DDA8B2FA8C0E7001E6B73 /* XCRemoteSwiftPackageReference "firebase-ios-sdk" */ = {
			isa = XCRemoteSwiftPackageReference;
			repositoryURL = "https://github.com/firebase/firebase-ios-sdk";
			requirement = {
				kind = upToNextMajorVersion;
				minimumVersion = 12.12.1;
			};
		};
/* End XCRemoteSwiftPackageReference section */

/* Begin XCSwiftPackageProductDependency section */
		A90DDA8C2FA8C0E7001E6B73 /* FirebaseAuth */ = {
			isa = XCSwiftPackageProductDependency;
			package = A90DDA8B2FA8C0E7001E6B73 /* XCRemoteSwiftPackageReference "firebase-ios-sdk" */;
			productName = FirebaseAuth;
		};
		A90DDA8E2FA8C0E7001E6B73 /* FirebaseFirestore */ = {
			isa = XCSwiftPackageProductDependency;
			package = A90DDA8B2FA8C0E7001E6B73 /* XCRemoteSwiftPackageReference "firebase-ios-sdk" */;
			productName = FirebaseFirestore;
		};
/* End XCSwiftPackageProductDependency section */
	};
	rootObject = A945BC622F94E4CE0093B1CB /* Project object */;
}
